# THIS IS AN AUTOGENERATED FILE. DO NOT EDIT THIS FILE DIRECTLY.
# yarn lockfile v1


"@openfeature/js-sdk@^0.5.0":
  version "0.5.0"
  resolved "https://registry.yarnpkg.com/@openfeature/js-sdk/-/js-sdk-0.5.0.tgz#85ea7177213866df65c2b165f2b913ccb114c1bf"
  integrity sha512-t4+2zTrzj+Vx0otH67tkUsLFF0WzXXJkQu+umLwSSrjJar70AM0XemiErNqUdXEyw1/mHYNeeLuNq60voAf0fA==
